
Microsoft Visual Studio Solution File, Format Version 12.00
# Visual Studio 15
VisualStudioVersion = 15.0.27428.2015
MinimumVisualStudioVersion = 10.0.40219.1
Project("{FAE04EC0-301F-11D3-BF4B-00C04F79EFBC}") = "Victar.Vin", "Victar.Vin\Victar.Vin.csproj", "{477C0B93-1274-4DD6-BE26-C912459CC122}"
EndProject
Global
	GlobalSection(SolutionConfigurationPlatforms) = preSolution
		Debug|Any CPU = Debug|Any CPU
		Release|Any CPU = Release|Any CPU
	EndGlobalSection
	GlobalSection(ProjectConfigurationPlatforms) = postSolution
		{477C0B93-1274-4DD6-BE26-C912459CC122}.Debug|Any CPU.ActiveCfg = Debug|Any CPU
		{477C0B93-1274-4DD6-BE26-C912459CC122}.Debug|Any CPU.Build.0 = Debug|Any CPU
		{477C0B93-1274-4DD6-BE26-C912459CC122}.Release|Any CPU.ActiveCfg = Release|Any CPU
		{477C0B93-1274-4DD6-BE26-C912459CC122}.Release|Any CPU.Build.0 = Release|Any CPU
	EndGlobalSection
	GlobalSection(SolutionProperties) = preSolution
		HideSolutionNode = FALSE
	EndGlobalSection
	GlobalSection(ExtensibilityGlobals) = postSolution
		SolutionGuid = {1C6D5122-D3C6-4DC3-955A-B5378C84DD3F}
	EndGlobalSection
EndGlobal
